
Microsoft Visual Studio Solution File, Format Version 12.00
# Visual Studio Version 17
VisualStudioVersion = 17.7.34031.279
MinimumVisualStudioVersion = 10.0.40219.1
Project("{FAE04EC0-301F-11D3-BF4B-00C04F79EFBC}") = "ifElse", "ifElse\ifElse.csproj", "{F80942D3-46DC-48CF-BAB1-39F24C505979}"
EndProject
Project("{FAE04EC0-301F-11D3-BF4B-00C04F79EFBC}") = "array", "array\array.csproj", "{380B79F9-F77B-41CB-9EEF-534EA983D165}"
EndProject
Global
	GlobalSection(SolutionConfigurationPlatforms) = preSolution
		Debug|Any CPU = Debug|Any CPU
		Release|Any CPU = Release|Any CPU
	EndGlobalSection
	GlobalSection(ProjectConfigurationPlatforms) = postSolution
		{F80942D3-46DC-48CF-BAB1-39F24C505979}.Debug|Any CPU.ActiveCfg = Debug|Any CPU
		{F80942D3-46DC-48CF-BAB1-39F24C505979}.Debug|Any CPU.Build.0 = Debug|Any CPU
		{F80942D3-46DC-48CF-BAB1-39F24C505979}.Release|Any CPU.ActiveCfg = Release|Any CPU
		{F80942D3-46DC-48CF-BAB1-39F24C505979}.Release|Any CPU.Build.0 = Release|Any CPU
		{380B79F9-F77B-41CB-9EEF-534EA983D165}.Debug|Any CPU.ActiveCfg = Debug|Any CPU
		{380B79F9-F77B-41CB-9EEF-534EA983D165}.Debug|Any CPU.Build.0 = Debug|Any CPU
		{380B79F9-F77B-41CB-9EEF-534EA983D165}.Release|Any CPU.ActiveCfg = Release|Any CPU
		{380B79F9-F77B-41CB-9EEF-534EA983D165}.Release|Any CPU.Build.0 = Release|Any CPU
	EndGlobalSection
	GlobalSection(SolutionProperties) = preSolution
		HideSolutionNode = FALSE
	EndGlobalSection
	GlobalSection(ExtensibilityGlobals) = postSolution
		SolutionGuid = {413F5E0E-98B7-411D-A1FB-B78D9AF158B9}
	EndGlobalSection
EndGlobal
